
Microsoft Visual Studio Solution File, Format Version 12.00
# Visual Studio 2013
VisualStudioVersion = 12.0.21005.1
MinimumVisualStudioVersion = 10.0.40219.1
Project("{8BC9CEB8-8B4A-11D0-8D11-00A0C91BC942}") = "模拟实现库函数strcpy", "模拟实现库函数strcpy\模拟实现库函数strcpy.vcxproj", "{84D70DEE-1D88-47E7-8D0D-448493BBE343}"
EndProject
Global
	GlobalSection(SolutionConfigurationPlatforms) = preSolution
		Debug|Win32 = Debug|Win32
		Release|Win32 = Release|Win32
	EndGlobalSection
	GlobalSection(ProjectConfigurationPlatforms) = postSolution
		{84D70DEE-1D88-47E7-8D0D-448493BBE343}.Debug|Win32.ActiveCfg = Debug|Win32
		{84D70DEE-1D88-47E7-8D0D-448493BBE343}.Debug|Win32.Build.0 = Debug|Win32
		{84D70DEE-1D88-47E7-8D0D-448493BBE343}.Release|Win32.ActiveCfg = Release|Win32
		{84D70DEE-1D88-47E7-8D0D-448493BBE343}.Release|Win32.Build.0 = Release|Win32
	EndGlobalSection
	GlobalSection(SolutionProperties) = preSolution
		HideSolutionNode = FALSE
	EndGlobalSection
EndGlobal
