
Microsoft Visual Studio Solution File, Format Version 12.00
# Visual Studio 2013
VisualStudioVersion = 12.0.21005.1
MinimumVisualStudioVersion = 10.0.40219.1
Project("{8BC9CEB8-8B4A-11D0-8D11-00A0C91BC942}") = "求一个整数储存在内存中二进制中1的个数", "求一个整数储存在内存中二进制中1的个数\求一个整数储存在内存中二进制中1的个数.vcxproj", "{BF57B53F-6D6A-4BFD-81EC-09F35D611A50}"
EndProject
Global
	GlobalSection(SolutionConfigurationPlatforms) = preSolution
		Debug|Win32 = Debug|Win32
		Release|Win32 = Release|Win32
	EndGlobalSection
	GlobalSection(ProjectConfigurationPlatforms) = postSolution
		{BF57B53F-6D6A-4BFD-81EC-09F35D611A50}.Debug|Win32.ActiveCfg = Debug|Win32
		{BF57B53F-6D6A-4BFD-81EC-09F35D611A50}.Debug|Win32.Build.0 = Debug|Win32
		{BF57B53F-6D6A-4BFD-81EC-09F35D611A50}.Release|Win32.ActiveCfg = Release|Win32
		{BF57B53F-6D6A-4BFD-81EC-09F35D611A50}.Release|Win32.Build.0 = Release|Win32
	EndGlobalSection
	GlobalSection(SolutionProperties) = preSolution
		HideSolutionNode = FALSE
	EndGlobalSection
EndGlobal
